
Microsoft Visual Studio Solution File, Format Version 11.00
# Visual Studio 2010
Project("{FAE04EC0-301F-11D3-BF4B-00C04F79EFBC}") = "Multi-File Copy", "Multi-File Copy.csproj", "{1147FA67-7583-40CE-992D-5DF187F3CDBF}"
EndProject
Global
	GlobalSection(SolutionConfigurationPlatforms) = preSolution
		Debug|x86 = Debug|x86
		Release|x86 = Release|x86
	EndGlobalSection
	GlobalSection(ProjectConfigurationPlatforms) = postSolution
		{1147FA67-7583-40CE-992D-5DF187F3CDBF}.Debug|x86.ActiveCfg = Debug|x86
		{1147FA67-7583-40CE-992D-5DF187F3CDBF}.Debug|x86.Build.0 = Debug|x86
		{1147FA67-7583-40CE-992D-5DF187F3CDBF}.Release|x86.ActiveCfg = Release|x86
		{1147FA67-7583-40CE-992D-5DF187F3CDBF}.Release|x86.Build.0 = Release|x86
	EndGlobalSection
	GlobalSection(SolutionProperties) = preSolution
		HideSolutionNode = FALSE
	EndGlobalSection
EndGlobal
